
Microsoft Visual Studio Solution File, Format Version 12.00
# Visual Studio Version 16
VisualStudioVersion = 16.0.34114.132
MinimumVisualStudioVersion = 10.0.40219.1
Project("{2150E333-8FDC-42A3-9474-1A3956D46DE8}") = "Task0", "Task0", "{9A043AD0-01E6-4360-AE38-C1663DBCB3AD}"
EndProject
Project("{FAE04EC0-301F-11D3-BF4B-00C04F79EFBC}") = "Tyuiu.TolstykhVS.Sprint4.Task0.V17", "Tyuiu.TolstykhVS.Sprint4.Task0.V17\Tyuiu.TolstykhVS.Sprint4.Task0.V17.csproj", "{8BBFFE6C-25A1-49E9-9CB2-25A433869081}"
EndProject
Project("{FAE04EC0-301F-11D3-BF4B-00C04F79EFBC}") = "Tyuiu.TolstykhVS.Sprint4.Task0.V17.Lib", "Tyuiu.TolstykhVS.Sprint4.Task0.V17.Lib\Tyuiu.TolstykhVS.Sprint4.Task0.V17.Lib.csproj", "{787ED716-D5A6-4800-904C-581B11AF8E1A}"
EndProject
Project("{FAE04EC0-301F-11D3-BF4B-00C04F79EFBC}") = "Tyuiu.TolstykhVS.Sprint4.Task0.V17.Test", "Tyuiu.TolstykhVS.Sprint4.Task0.V17.Test\Tyuiu.TolstykhVS.Sprint4.Task0.V17.Test.csproj", "{B83B6149-B1A7-4AF4-825C-5FE5DB98F597}"
EndProject
Global
	GlobalSection(SolutionConfigurationPlatforms) = preSolution
		Debug|Any CPU = Debug|Any CPU
		Release|Any CPU = Release|Any CPU
	EndGlobalSection
	GlobalSection(ProjectConfigurationPlatforms) = postSolution
		{8BBFFE6C-25A1-49E9-9CB2-25A433869081}.Debug|Any CPU.ActiveCfg = Debug|Any CPU
		{8BBFFE6C-25A1-49E9-9CB2-25A433869081}.Debug|Any CPU.Build.0 = Debug|Any CPU
		{8BBFFE6C-25A1-49E9-9CB2-25A433869081}.Release|Any CPU.ActiveCfg = Release|Any CPU
		{8BBFFE6C-25A1-49E9-9CB2-25A433869081}.Release|Any CPU.Build.0 = Release|Any CPU
		{787ED716-D5A6-4800-904C-581B11AF8E1A}.Debug|Any CPU.ActiveCfg = Debug|Any CPU
		{787ED716-D5A6-4800-904C-581B11AF8E1A}.Debug|Any CPU.Build.0 = Debug|Any CPU
		{787ED716-D5A6-4800-904C-581B11AF8E1A}.Release|Any CPU.ActiveCfg = Release|Any CPU
		{787ED716-D5A6-4800-904C-581B11AF8E1A}.Release|Any CPU.Build.0 = Release|Any CPU
		{B83B6149-B1A7-4AF4-825C-5FE5DB98F597}.Debug|Any CPU.ActiveCfg = Debug|Any CPU
		{B83B6149-B1A7-4AF4-825C-5FE5DB98F597}.Debug|Any CPU.Build.0 = Debug|Any CPU
		{B83B6149-B1A7-4AF4-825C-5FE5DB98F597}.Release|Any CPU.ActiveCfg = Release|Any CPU
		{B83B6149-B1A7-4AF4-825C-5FE5DB98F597}.Release|Any CPU.Build.0 = Release|Any CPU
	EndGlobalSection
	GlobalSection(SolutionProperties) = preSolution
		HideSolutionNode = FALSE
	EndGlobalSection
	GlobalSection(NestedProjects) = preSolution
		{8BBFFE6C-25A1-49E9-9CB2-25A433869081} = {9A043AD0-01E6-4360-AE38-C1663DBCB3AD}
		{787ED716-D5A6-4800-904C-581B11AF8E1A} = {9A043AD0-01E6-4360-AE38-C1663DBCB3AD}
		{B83B6149-B1A7-4AF4-825C-5FE5DB98F597} = {9A043AD0-01E6-4360-AE38-C1663DBCB3AD}
	EndGlobalSection
	GlobalSection(ExtensibilityGlobals) = postSolution
		SolutionGuid = {3D4376F7-71AA-4D50-8FD3-856B56B4481A}
	EndGlobalSection
EndGlobal
